
Microsoft Visual Studio Solution File, Format Version 12.00
# Visual Studio Version 16
VisualStudioVersion = 16.0.31424.327
MinimumVisualStudioVersion = 10.0.40219.1
Project("{FAE04EC0-301F-11D3-BF4B-00C04F79EFBC}") = "UzsakymuUzduotis", "UzsakymuUzduotis\UzsakymuUzduotis.csproj", "{7E30C48A-9D48-4C68-A8B2-B6D42B63B86F}"
EndProject
Global
	GlobalSection(SolutionConfigurationPlatforms) = preSolution
		Debug|Any CPU = Debug|Any CPU
		Release|Any CPU = Release|Any CPU
	EndGlobalSection
	GlobalSection(ProjectConfigurationPlatforms) = postSolution
		{7E30C48A-9D48-4C68-A8B2-B6D42B63B86F}.Debug|Any CPU.ActiveCfg = Debug|Any CPU
		{7E30C48A-9D48-4C68-A8B2-B6D42B63B86F}.Debug|Any CPU.Build.0 = Debug|Any CPU
		{7E30C48A-9D48-4C68-A8B2-B6D42B63B86F}.Release|Any CPU.ActiveCfg = Release|Any CPU
		{7E30C48A-9D48-4C68-A8B2-B6D42B63B86F}.Release|Any CPU.Build.0 = Release|Any CPU
	EndGlobalSection
	GlobalSection(SolutionProperties) = preSolution
		HideSolutionNode = FALSE
	EndGlobalSection
	GlobalSection(ExtensibilityGlobals) = postSolution
		SolutionGuid = {0F53AB1C-9AC7-485F-A20C-5FC0B2C57A6C}
	EndGlobalSection
EndGlobal
